
Microsoft Visual Studio Solution File, Format Version 12.00
# Visual Studio 2012
Project("{FAE04EC0-301F-11D3-BF4B-00C04F79EFBC}") = "MvcSampleWebApp", "MvcSampleWebApp\MvcSampleWebApp.csproj", "{AE605622-7BDF-4A6D-9ACC-C51F1DB27BDF}"
EndProject
Global
	GlobalSection(SolutionConfigurationPlatforms) = preSolution
		Debug|Any CPU = Debug|Any CPU
		Release|Any CPU = Release|Any CPU
	EndGlobalSection
	GlobalSection(ProjectConfigurationPlatforms) = postSolution
		{AE605622-7BDF-4A6D-9ACC-C51F1DB27BDF}.Debug|Any CPU.ActiveCfg = Debug|Any CPU
		{AE605622-7BDF-4A6D-9ACC-C51F1DB27BDF}.Debug|Any CPU.Build.0 = Debug|Any CPU
		{AE605622-7BDF-4A6D-9ACC-C51F1DB27BDF}.Release|Any CPU.ActiveCfg = Release|Any CPU
		{AE605622-7BDF-4A6D-9ACC-C51F1DB27BDF}.Release|Any CPU.Build.0 = Release|Any CPU
		{AE605622-7BDF-4A6D-9ACC-C51F1DB27BDF}.Release|Any CPU.Deploy.0 = Release|Any CPU
	EndGlobalSection
	GlobalSection(SolutionProperties) = preSolution
		HideSolutionNode = FALSE
	EndGlobalSection
EndGlobal
